
Microsoft Visual Studio Solution File, Format Version 11.00
# Visual Studio 2010
Project("{8BC9CEB8-8B4A-11D0-8D11-00A0C91BC942}") = "Documentation", "Documentation\Documentation.vcxproj", "{EDCD1335-C42B-42B0-AF1F-CC7E2971E50D}"
EndProject
Project("{8BC9CEB8-8B4A-11D0-8D11-00A0C91BC942}") = "Simulation", "Simulation\Simulation.vcxproj", "{E31C1D4B-7192-4959-A8D2-E69043DDA636}"
EndProject
Project("{2150E333-8FDC-42A3-9474-1A3956D46DE8}") = "Solution Items", "Solution Items", "{DD305AB2-7CB5-4DA9-91A7-25DB6152BF40}"
	ProjectSection(SolutionItems) = preProject
		ASE.vsmdi = ASE.vsmdi
		Local.testsettings = Local.testsettings
		TraceAndTestImpact.testsettings = TraceAndTestImpact.testsettings
	EndProjectSection
EndProject
Project("{8BC9CEB8-8B4A-11D0-8D11-00A0C91BC942}") = "Test", "Test\Test.vcxproj", "{42820865-EB06-416A-B4BF-2F9A5A43C5BE}"
EndProject
Global
	GlobalSection(SubversionScc) = preSolution
		Svn-Managed = True
		Manager = AnkhSVN - Subversion Support for Visual Studio
	EndGlobalSection
	GlobalSection(TestCaseManagementSettings) = postSolution
		CategoryFile = ASE.vsmdi
	EndGlobalSection
	GlobalSection(SolutionConfigurationPlatforms) = preSolution
		Debug|Win32 = Debug|Win32
		Release|Win32 = Release|Win32
	EndGlobalSection
	GlobalSection(ProjectConfigurationPlatforms) = postSolution
		{EDCD1335-C42B-42B0-AF1F-CC7E2971E50D}.Debug|Win32.ActiveCfg = Debug|Win32
		{EDCD1335-C42B-42B0-AF1F-CC7E2971E50D}.Release|Win32.ActiveCfg = Release|Win32
		{EDCD1335-C42B-42B0-AF1F-CC7E2971E50D}.Release|Win32.Build.0 = Release|Win32
		{E31C1D4B-7192-4959-A8D2-E69043DDA636}.Debug|Win32.ActiveCfg = Debug|Win32
		{E31C1D4B-7192-4959-A8D2-E69043DDA636}.Debug|Win32.Build.0 = Debug|Win32
		{E31C1D4B-7192-4959-A8D2-E69043DDA636}.Release|Win32.ActiveCfg = Release|Win32
		{E31C1D4B-7192-4959-A8D2-E69043DDA636}.Release|Win32.Build.0 = Release|Win32
		{42820865-EB06-416A-B4BF-2F9A5A43C5BE}.Debug|Win32.ActiveCfg = Debug|Win32
		{42820865-EB06-416A-B4BF-2F9A5A43C5BE}.Debug|Win32.Build.0 = Debug|Win32
		{42820865-EB06-416A-B4BF-2F9A5A43C5BE}.Release|Win32.ActiveCfg = Release|Win32
		{42820865-EB06-416A-B4BF-2F9A5A43C5BE}.Release|Win32.Build.0 = Release|Win32
	EndGlobalSection
	GlobalSection(SolutionProperties) = preSolution
		HideSolutionNode = FALSE
	EndGlobalSection
EndGlobal
